
Microsoft Visual Studio Solution File, Format Version 12.00
Project("{FAE04EC0-301F-11D3-BF4B-00C04F79EFBC}") = "DapperPatchDemo", "DapperPatchDemo\DapperPatchDemo.csproj", "{42A77BF6-3AE7-4F91-B377-144CA367D640}"
EndProject
Global
	GlobalSection(SolutionConfigurationPlatforms) = preSolution
		Debug|Any CPU = Debug|Any CPU
		Release|Any CPU = Release|Any CPU
	EndGlobalSection
	GlobalSection(ProjectConfigurationPlatforms) = postSolution
		{42A77BF6-3AE7-4F91-B377-144CA367D640}.Debug|Any CPU.ActiveCfg = Debug|Any CPU
		{42A77BF6-3AE7-4F91-B377-144CA367D640}.Debug|Any CPU.Build.0 = Debug|Any CPU
		{42A77BF6-3AE7-4F91-B377-144CA367D640}.Release|Any CPU.ActiveCfg = Release|Any CPU
		{42A77BF6-3AE7-4F91-B377-144CA367D640}.Release|Any CPU.Build.0 = Release|Any CPU
	EndGlobalSection
EndGlobal
